// !$*UTF8*$!
{
	archiveVersion = 1;
	classes = {
	};
	objectVersion = 56;
	objects = {

/* Begin PBXBuildFile section */
		A900CD5E2A190C2F000DEC7E /* UIColors.swift in Sources */ = {isa = PBXBuildFile; fileRef = A900CD5D2A190C2F000DEC7E /* UIColors.swift */; };
		A93880662A51CA80000314FB /* Kingfisher in Frameworks */ = {isa = PBXBuildFile; productRef = A93880652A51CA80000314FB /* Kingfisher */; };
		A93880692A51D4B4000314FB /* SwiftKeychainWrapper in Frameworks */ = {isa = PBXBuildFile; productRef = A93880682A51D4B4000314FB /* SwiftKeychainWrapper */; };
		A9393DAA2A0ADF46002464CB /* AppDelegate.swift in Sources */ = {isa = PBXBuildFile; fileRef = A9393DA92A0ADF46002464CB /* AppDelegate.swift */; };
		A9393DAC2A0ADF46002464CB /* SceneDelegate.swift in Sources */ = {isa = PBXBuildFile; fileRef = A9393DAB2A0ADF46002464CB /* SceneDelegate.swift */; };
		A9393DAE2A0ADF46002464CB /* ImagesListViewController.swift in Sources */ = {isa = PBXBuildFile; fileRef = A9393DAD2A0ADF46002464CB /* ImagesListViewController.swift */; };
		A9393DB12A0ADF46002464CB /* Main.storyboard in Resources */ = {isa = PBXBuildFile; fileRef = A9393DAF2A0ADF46002464CB /* Main.storyboard */; };
		A9393DB32A0ADF4A002464CB /* Assets.xcassets in Resources */ = {isa = PBXBuildFile; fileRef = A9393DB22A0ADF4A002464CB /* Assets.xcassets */; };
		A9393DB62A0ADF4A002464CB /* LaunchScreen.storyboard in Resources */ = {isa = PBXBuildFile; fileRef = A9393DB42A0ADF4A002464CB /* LaunchScreen.storyboard */; };
		A948E8DC2A3F9E1600661EEE /* UIBlockingProgressHUD.swift in Sources */ = {isa = PBXBuildFile; fileRef = A97827322A3F85B80043F3E1 /* UIBlockingProgressHUD.swift */; };
		A95D86682A33CF8500FC3DFF /* SplashViewController.swift in Sources */ = {isa = PBXBuildFile; fileRef = A95D86672A33CF8500FC3DFF /* SplashViewController.swift */; };
		A9612BB52A40E50700C5F025 /* ProfileService.swift in Sources */ = {isa = PBXBuildFile; fileRef = A9612BB42A40E50700C5F025 /* ProfileService.swift */; };
		A9654A382A102DE800787C05 /* SingleImageViewController.swift in Sources */ = {isa = PBXBuildFile; fileRef = A9654A372A102DE800787C05 /* SingleImageViewController.swift */; };
		A97070D82A4A3B0300AE9731 /* ProfileImageService.swift in Sources */ = {isa = PBXBuildFile; fileRef = A97070D72A4A3B0300AE9731 /* ProfileImageService.swift */; };
		A985D4E12A30CD5400384AA8 /* URLSession.swift in Sources */ = {isa = PBXBuildFile; fileRef = A985D4E02A30CD5400384AA8 /* URLSession.swift */; };
		A985D4E22A31056E00384AA8 /* OAuth2Service.swift in Sources */ = {isa = PBXBuildFile; fileRef = A9B80E872A2CCA4B000476FB /* OAuth2Service.swift */; };
		A985D4E42A310B5B00384AA8 /* OAuth2TokenStorage.swift in Sources */ = {isa = PBXBuildFile; fileRef = A985D4E32A310B5B00384AA8 /* OAuth2TokenStorage.swift */; };
		A986F19B2A0AF18200441AAF /* ImagesListCell.swift in Sources */ = {isa = PBXBuildFile; fileRef = A986F19A2A0AF18200441AAF /* ImagesListCell.swift */; };
		A98701C92A5364EC0084E1DD /* TabBarController.swift in Sources */ = {isa = PBXBuildFile; fileRef = A98701C82A5364EC0084E1DD /* TabBarController.swift */; };
		A99E2BF82A0FB7ED0023F4E0 /* ProfileViewController.swift in Sources */ = {isa = PBXBuildFile; fileRef = A99E2BF72A0FB7ED0023F4E0 /* ProfileViewController.swift */; };
		A9B1F0D92A4F87C400FD20EF /* NetworkError.swift in Sources */ = {isa = PBXBuildFile; fileRef = A9B1F0D82A4F87C400FD20EF /* NetworkError.swift */; };
		A9B1F0DC2A4F888E00FD20EF /* AlertPresenter.swift in Sources */ = {isa = PBXBuildFile; fileRef = A9B1F0D72A4E235500FD20EF /* AlertPresenter.swift */; };
		A9CEBF442A48571E00334CF9 /* ProfileStructures.swift in Sources */ = {isa = PBXBuildFile; fileRef = A9CEBF432A48571E00334CF9 /* ProfileStructures.swift */; };
		A9CEBF462A48633000334CF9 /* URLRequestBuilder.swift in Sources */ = {isa = PBXBuildFile; fileRef = A9CEBF452A48633000334CF9 /* URLRequestBuilder.swift */; };
		A9CEBF482A486DD700334CF9 /* OAuth2TokenResponseBody.swift in Sources */ = {isa = PBXBuildFile; fileRef = A9CEBF472A486DD700334CF9 /* OAuth2TokenResponseBody.swift */; };
		A9D4037F2A23A34D00ADE598 /* AuthViewController.swift in Sources */ = {isa = PBXBuildFile; fileRef = A9D4037E2A23A34D00ADE598 /* AuthViewController.swift */; };
		A9D403802A23A39100ADE598 /* Constants.swift in Sources */ = {isa = PBXBuildFile; fileRef = A9CE696C2A21572D0069C3A9 /* Constants.swift */; };
		A9D403822A23A4F500ADE598 /* WebViewViewController.swift in Sources */ = {isa = PBXBuildFile; fileRef = A9D403812A23A4F500ADE598 /* WebViewViewController.swift */; };
		A9D831692A3BAFE9007F3B39 /* ProgressHUD in Frameworks */ = {isa = PBXBuildFile; productRef = A9D831682A3BAFE9007F3B39 /* ProgressHUD */; };
		A9F13B4C2A59BADF00139DE4 /* ImagesListStructures.swift in Sources */ = {isa = PBXBuildFile; fileRef = A9F13B4B2A59BADF00139DE4 /* ImagesListStructures.swift */; };
		A9F13B4E2A59FA5800139DE4 /* ImagesListService.swift in Sources */ = {isa = PBXBuildFile; fileRef = A9F13B4D2A59FA5800139DE4 /* ImagesListService.swift */; };
		A9F13B562A5AEA2800139DE4 /* ImagesListServiceTests.swift in Sources */ = {isa = PBXBuildFile; fileRef = A9F13B552A5AEA2800139DE4 /* ImagesListServiceTests.swift */; };
/* End PBXBuildFile section */

/* Begin PBXContainerItemProxy section */
		A9F13B572A5AEA2800139DE4 /* PBXContainerItemProxy */ = {
			isa = PBXContainerItemProxy;
			containerPortal = A9393D9E2A0ADF46002464CB /* Project object */;
			proxyType = 1;
			remoteGlobalIDString = A9393DA52A0ADF46002464CB;
			remoteInfo = ImageFeed;
		};
/* End PBXContainerItemProxy section */

/* Begin PBXFileReference section */
		A900CD5D2A190C2F000DEC7E /* UIColors.swift */ = {isa = PBXFileReference; lastKnownFileType = sourcecode.swift; path = UIColors.swift; sourceTree = "<group>"; };
		A933DDA12A687BE1005B92BA /* ImageFeedTests.xctest */ = {isa = PBXFileReference; explicitFileType = wrapper.cfbundle; includeInIndex = 0; name = ImageFeedTests.xctest; path = "/Users/Ina/Desktop/sprints/sprint 8/ImageFeed/build/Debug-iphoneos/ImageFeedTests.xctest"; sourceTree = "<absolute>"; };
		A9393DA92A0ADF46002464CB /* AppDelegate.swift */ = {isa = PBXFileReference; lastKnownFileType = sourcecode.swift; path = AppDelegate.swift; sourceTree = "<group>"; };
		A9393DAB2A0ADF46002464CB /* SceneDelegate.swift */ = {isa = PBXFileReference; lastKnownFileType = sourcecode.swift; path = SceneDelegate.swift; sourceTree = "<group>"; };
		A9393DAD2A0ADF46002464CB /* ImagesListViewController.swift */ = {isa = PBXFileReference; lastKnownFileType = sourcecode.swift; path = ImagesListViewController.swift; sourceTree = "<group>"; };
		A9393DB02A0ADF46002464CB /* Base */ = {isa = PBXFileReference; lastKnownFileType = file.storyboard; name = Base; path = Base.lproj/Main.storyboard; sourceTree = "<group>"; };
		A9393DB22A0ADF4A002464CB /* Assets.xcassets */ = {isa = PBXFileReference; lastKnownFileType = folder.assetcatalog; path = Assets.xcassets; sourceTree = "<group>"; };
		A9393DB52A0ADF4A002464CB /* Base */ = {isa = PBXFileReference; lastKnownFileType = file.storyboard; name = Base; path = Base.lproj/LaunchScreen.storyboard; sourceTree = "<group>"; };
		A9393DB72A0ADF4A002464CB /* Info.plist */ = {isa = PBXFileReference; lastKnownFileType = text.plist.xml; path = Info.plist; sourceTree = "<group>"; };
		A95D86672A33CF8500FC3DFF /* SplashViewController.swift */ = {isa = PBXFileReference; lastKnownFileType = sourcecode.swift; path = SplashViewController.swift; sourceTree = "<group>"; };
		A9612BB42A40E50700C5F025 /* ProfileService.swift */ = {isa = PBXFileReference; lastKnownFileType = sourcecode.swift; path = ProfileService.swift; sourceTree = "<group>"; };
		A9654A372A102DE800787C05 /* SingleImageViewController.swift */ = {isa = PBXFileReference; lastKnownFileType = sourcecode.swift; path = SingleImageViewController.swift; sourceTree = "<group>"; };
		A97070D72A4A3B0300AE9731 /* ProfileImageService.swift */ = {isa = PBXFileReference; lastKnownFileType = sourcecode.swift; path = ProfileImageService.swift; sourceTree = "<group>"; };
		A97827322A3F85B80043F3E1 /* UIBlockingProgressHUD.swift */ = {isa = PBXFileReference; lastKnownFileType = sourcecode.swift; path = UIBlockingProgressHUD.swift; sourceTree = "<group>"; };
		A985D4E02A30CD5400384AA8 /* URLSession.swift */ = {isa = PBXFileReference; lastKnownFileType = sourcecode.swift; path = URLSession.swift; sourceTree = "<group>"; };
		A985D4E32A310B5B00384AA8 /* OAuth2TokenStorage.swift */ = {isa = PBXFileReference; lastKnownFileType = sourcecode.swift; path = OAuth2TokenStorage.swift; sourceTree = "<group>"; };
		A986F19A2A0AF18200441AAF /* ImagesListCell.swift */ = {isa = PBXFileReference; lastKnownFileType = sourcecode.swift; path = ImagesListCell.swift; sourceTree = "<group>"; };
		A98701C82A5364EC0084E1DD /* TabBarController.swift */ = {isa = PBXFileReference; lastKnownFileType = sourcecode.swift; path = TabBarController.swift; sourceTree = "<group>"; };
		A99E2BF72A0FB7ED0023F4E0 /* ProfileViewController.swift */ = {isa = PBXFileReference; lastKnownFileType = sourcecode.swift; path = ProfileViewController.swift; sourceTree = "<group>"; };
		A9B1F0D72A4E235500FD20EF /* AlertPresenter.swift */ = {isa = PBXFileReference; lastKnownFileType = sourcecode.swift; path = AlertPresenter.swift; sourceTree = "<group>"; };
		A9B1F0D82A4F87C400FD20EF /* NetworkError.swift */ = {isa = PBXFileReference; lastKnownFileType = sourcecode.swift; path = NetworkError.swift; sourceTree = "<group>"; };
		A9B80E872A2CCA4B000476FB /* OAuth2Service.swift */ = {isa = PBXFileReference; lastKnownFileType = sourcecode.swift; path = OAuth2Service.swift; sourceTree = "<group>"; };
		A9CE696C2A21572D0069C3A9 /* Constants.swift */ = {isa = PBXFileReference; lastKnownFileType = sourcecode.swift; path = Constants.swift; sourceTree = "<group>"; };
		A9CEBF432A48571E00334CF9 /* ProfileStructures.swift */ = {isa = PBXFileReference; lastKnownFileType = sourcecode.swift; path = ProfileStructures.swift; sourceTree = "<group>"; };
		A9CEBF452A48633000334CF9 /* URLRequestBuilder.swift */ = {isa = PBXFileReference; lastKnownFileType = sourcecode.swift; path = URLRequestBuilder.swift; sourceTree = "<group>"; };
		A9CEBF472A486DD700334CF9 /* OAuth2TokenResponseBody.swift */ = {isa = PBXFileReference; lastKnownFileType = sourcecode.swift; path = OAuth2TokenResponseBody.swift; sourceTree = "<group>"; };
		A9D4037E2A23A34D00ADE598 /* AuthViewController.swift */ = {isa = PBXFileReference; lastKnownFileType = sourcecode.swift; path = AuthViewController.swift; sourceTree = "<group>"; };
		A9D403812A23A4F500ADE598 /* WebViewViewController.swift */ = {isa = PBXFileReference; lastKnownFileType = sourcecode.swift; path = WebViewViewController.swift; sourceTree = "<group>"; };
		A9F13B4A2A59B91800139DE4 /* ImageFeed.app */ = {isa = PBXFileReference; explicitFileType = wrapper.application; includeInIndex = 0; path = ImageFeed.app; sourceTree = BUILT_PRODUCTS_DIR; };
		A9F13B4B2A59BADF00139DE4 /* ImagesListStructures.swift */ = {isa = PBXFileReference; lastKnownFileType = sourcecode.swift; path = ImagesListStructures.swift; sourceTree = "<group>"; };
		A9F13B4D2A59FA5800139DE4 /* ImagesListService.swift */ = {isa = PBXFileReference; lastKnownFileType = sourcecode.swift; path = ImagesListService.swift; sourceTree = "<group>"; };
		A9F13B552A5AEA2800139DE4 /* ImagesListServiceTests.swift */ = {isa = PBXFileReference; lastKnownFileType = sourcecode.swift; path = ImagesListServiceTests.swift; sourceTree = "<group>"; };
/* End PBXFileReference section */

/* Begin PBXFrameworksBuildPhase section */
		A9393DA32A0ADF46002464CB /* Frameworks */ = {
			isa = PBXFrameworksBuildPhase;
			buildActionMask = 2147483647;
			files = (
				A93880662A51CA80000314FB /* Kingfisher in Frameworks */,
				A9D831692A3BAFE9007F3B39 /* ProgressHUD in Frameworks */,
				A93880692A51D4B4000314FB /* SwiftKeychainWrapper in Frameworks */,
			);
			runOnlyForDeploymentPostprocessing = 0;
		};
		A9F13B502A5AEA2800139DE4 /* Frameworks */ = {
			isa = PBXFrameworksBuildPhase;
			buildActionMask = 2147483647;
			files = (
			);
			runOnlyForDeploymentPostprocessing = 0;
		};
/* End PBXFrameworksBuildPhase section */

/* Begin PBXGroup section */
		A900CD5F2A190C68000DEC7E /* Helpers */ = {
			isa = PBXGroup;
			children = (
				A9B1F0D72A4E235500FD20EF /* AlertPresenter.swift */,
				A9CE696C2A21572D0069C3A9 /* Constants.swift */,
				A97827322A3F85B80043F3E1 /* UIBlockingProgressHUD.swift */,
				A900CD5D2A190C2F000DEC7E /* UIColors.swift */,
			);
			path = Helpers;
			sourceTree = "<group>";
		};
		A9393D9D2A0ADF46002464CB = {
			isa = PBXGroup;
			children = (
				A9D4037D2A23A32700ADE598 /* Auth */,
				A900CD5F2A190C68000DEC7E /* Helpers */,
				A9393DA82A0ADF46002464CB /* ImageFeed */,
				A9F13B4A2A59B91800139DE4 /* ImageFeed.app */,
				A9F13B542A5AEA2800139DE4 /* ImageFeedTests */,
				A986F19C2A0AF20400441AAF /* ImagesList */,
				A985D4DF2A30CD3100384AA8 /* Network */,
				A99E2BFD2A0FB9B30023F4E0 /* Profile */,
				A9A4DCFD2A111CD200171B2D /* SingleImageViewController */,
				A95D86662A33CF6700FC3DFF /* SplashViewController */,
				A98701C72A5364D30084E1DD /* TabBar */,
			);
			sourceTree = "<group>";
		};
		A9393DA82A0ADF46002464CB /* ImageFeed */ = {
			isa = PBXGroup;
			children = (
				A9393DB72A0ADF4A002464CB /* Info.plist */,
				A9393DA92A0ADF46002464CB /* AppDelegate.swift */,
				A9393DAB2A0ADF46002464CB /* SceneDelegate.swift */,
				A9393DB22A0ADF4A002464CB /* Assets.xcassets */,
				A9393DB42A0ADF4A002464CB /* LaunchScreen.storyboard */,
				A9393DAF2A0ADF46002464CB /* Main.storyboard */,
			);
			path = ImageFeed;
			sourceTree = "<group>";
		};
		A95D86662A33CF6700FC3DFF /* SplashViewController */ = {
			isa = PBXGroup;
			children = (
				A95D86672A33CF8500FC3DFF /* SplashViewController.swift */,
			);
			path = SplashViewController;
			sourceTree = "<group>";
		};
		A985D4DF2A30CD3100384AA8 /* Network */ = {
			isa = PBXGroup;
			children = (
				A9B1F0D82A4F87C400FD20EF /* NetworkError.swift */,
				A9CEBF452A48633000334CF9 /* URLRequestBuilder.swift */,
				A985D4E02A30CD5400384AA8 /* URLSession.swift */,
			);
			path = Network;
			sourceTree = "<group>";
		};
		A986F19C2A0AF20400441AAF /* ImagesList */ = {
			isa = PBXGroup;
			children = (
				A986F19A2A0AF18200441AAF /* ImagesListCell.swift */,
				A9F13B4D2A59FA5800139DE4 /* ImagesListService.swift */,
				A9F13B4B2A59BADF00139DE4 /* ImagesListStructures.swift */,
				A9393DAD2A0ADF46002464CB /* ImagesListViewController.swift */,
			);
			name = ImagesList;
			path = ImageFeed/ImagesList;
			sourceTree = "<group>";
		};
		A98701C72A5364D30084E1DD /* TabBar */ = {
			isa = PBXGroup;
			children = (
				A98701C82A5364EC0084E1DD /* TabBarController.swift */,
			);
			path = TabBar;
			sourceTree = "<group>";
		};
		A99E2BFD2A0FB9B30023F4E0 /* Profile */ = {
			isa = PBXGroup;
			children = (
				A97070D72A4A3B0300AE9731 /* ProfileImageService.swift */,
				A9612BB42A40E50700C5F025 /* ProfileService.swift */,
				A9CEBF432A48571E00334CF9 /* ProfileStructures.swift */,
				A99E2BF72A0FB7ED0023F4E0 /* ProfileViewController.swift */,
			);
			path = Profile;
			sourceTree = "<group>";
		};
		A9A4DCFD2A111CD200171B2D /* SingleImageViewController */ = {
			isa = PBXGroup;
			children = (
				A9654A372A102DE800787C05 /* SingleImageViewController.swift */,
			);
			path = SingleImageViewController;
			sourceTree = "<group>";
		};
		A9B803392A0C23FA0096C848 /* Products */ = {
			isa = PBXGroup;
			name = Products;
			sourceTree = "<group>";
		};
		A9D4037D2A23A32700ADE598 /* Auth */ = {
			isa = PBXGroup;
			children = (
				A9D4037E2A23A34D00ADE598 /* AuthViewController.swift */,
				A9B80E872A2CCA4B000476FB /* OAuth2Service.swift */,
				A9CEBF472A486DD700334CF9 /* OAuth2TokenResponseBody.swift */,
				A985D4E32A310B5B00384AA8 /* OAuth2TokenStorage.swift */,
				A9D403812A23A4F500ADE598 /* WebViewViewController.swift */,
			);
			path = Auth;
			sourceTree = "<group>";
		};
		A9F13B542A5AEA2800139DE4 /* ImageFeedTests */ = {
			isa = PBXGroup;
			children = (
				A9F13B552A5AEA2800139DE4 /* ImagesListServiceTests.swift */,
			);
			path = ImageFeedTests;
			sourceTree = "<group>";
		};
/* End PBXGroup section */

/* Begin PBXNativeTarget section */
		A9393DA52A0ADF46002464CB /* ImageFeed */ = {
			isa = PBXNativeTarget;
			buildConfigurationList = A9393DBA2A0ADF4A002464CB /* Build configuration list for PBXNativeTarget "ImageFeed" */;
			buildPhases = (
				A9393DA22A0ADF46002464CB /* Sources */,
				A9393DA32A0ADF46002464CB /* Frameworks */,
				A9393DA42A0ADF46002464CB /* Resources */,
			);
			buildRules = (
			);
			dependencies = (
			);
			name = ImageFeed;
			packageProductDependencies = (
				A9D831682A3BAFE9007F3B39 /* ProgressHUD */,
				A93880652A51CA80000314FB /* Kingfisher */,
				A93880682A51D4B4000314FB /* SwiftKeychainWrapper */,
			);
			productName = ImageFeed;
			productReference = A9F13B4A2A59B91800139DE4 /* ImageFeed.app */;
			productType = "com.apple.product-type.application";
		};
		A9F13B522A5AEA2800139DE4 /* ImageFeedTests */ = {
			isa = PBXNativeTarget;
			buildConfigurationList = A9F13B592A5AEA2800139DE4 /* Build configuration list for PBXNativeTarget "ImageFeedTests" */;
			buildPhases = (
				A9F13B4F2A5AEA2800139DE4 /* Sources */,
				A9F13B502A5AEA2800139DE4 /* Frameworks */,
				A9F13B512A5AEA2800139DE4 /* Resources */,
			);
			buildRules = (
			);
			dependencies = (
				A9F13B582A5AEA2800139DE4 /* PBXTargetDependency */,
			);
			name = ImageFeedTests;
			productName = ImageFeedTests;
			productReference = A933DDA12A687BE1005B92BA /* ImageFeedTests.xctest */;
			productType = "com.apple.product-type.bundle.unit-test";
		};
/* End PBXNativeTarget section */

/* Begin PBXProject section */
		A9393D9E2A0ADF46002464CB /* Project object */ = {
			isa = PBXProject;
			attributes = {
				BuildIndependentTargetsInParallel = 1;
				LastSwiftUpdateCheck = 1420;
				LastUpgradeCheck = 1420;
				TargetAttributes = {
					A9393DA52A0ADF46002464CB = {
						CreatedOnToolsVersion = 14.2;
					};
					A9F13B522A5AEA2800139DE4 = {
						CreatedOnToolsVersion = 14.2;
						TestTargetID = A9393DA52A0ADF46002464CB;
					};
				};
			};
			buildConfigurationList = A9393DA12A0ADF46002464CB /* Build configuration list for PBXProject "ImageFeed" */;
			compatibilityVersion = "Xcode 14.0";
			developmentRegion = en;
			hasScannedForEncodings = 0;
			knownRegions = (
				en,
				Base,
			);
			mainGroup = A9393D9D2A0ADF46002464CB;
			packageReferences = (
				A9D831672A3BAFE9007F3B39 /* XCRemoteSwiftPackageReference "ProgressHUD" */,
				A93880642A51CA80000314FB /* XCRemoteSwiftPackageReference "Kingfisher" */,
				A93880672A51D4B4000314FB /* XCRemoteSwiftPackageReference "SwiftKeychainWrapper" */,
			);
			productRefGroup = A9393D9D2A0ADF46002464CB;
			projectDirPath = "";
			projectReferences = (
				{
					ProductGroup = A9B803392A0C23FA0096C848 /* Products */;
					ProjectRef = A986F19A2A0AF18200441AAF /* ImagesListCell.swift */;
				},
			);
			projectRoot = "";
			targets = (
				A9393DA52A0ADF46002464CB /* ImageFeed */,
				A9F13B522A5AEA2800139DE4 /* ImageFeedTests */,
			);
		};
/* End PBXProject section */

/* Begin PBXResourcesBuildPhase section */
		A9393DA42A0ADF46002464CB /* Resources */ = {
			isa = PBXResourcesBuildPhase;
			buildActionMask = 2147483647;
			files = (
				A9393DB62A0ADF4A002464CB /* LaunchScreen.storyboard in Resources */,
				A9393DB32A0ADF4A002464CB /* Assets.xcassets in Resources */,
				A9393DB12A0ADF46002464CB /* Main.storyboard in Resources */,
			);
			runOnlyForDeploymentPostprocessing = 0;
		};
		A9F13B512A5AEA2800139DE4 /* Resources */ = {
			isa = PBXResourcesBuildPhase;
			buildActionMask = 2147483647;
			files = (
			);
			runOnlyForDeploymentPostprocessing = 0;
		};
/* End PBXResourcesBuildPhase section */

/* Begin PBXSourcesBuildPhase section */
		A9393DA22A0ADF46002464CB /* Sources */ = {
			isa = PBXSourcesBuildPhase;
			buildActionMask = 2147483647;
			files = (
				A9F13B4E2A59FA5800139DE4 /* ImagesListService.swift in Sources */,
				A9393DAE2A0ADF46002464CB /* ImagesListViewController.swift in Sources */,
				A9612BB52A40E50700C5F025 /* ProfileService.swift in Sources */,
				A986F19B2A0AF18200441AAF /* ImagesListCell.swift in Sources */,
				A9CEBF482A486DD700334CF9 /* OAuth2TokenResponseBody.swift in Sources */,
				A99E2BF82A0FB7ED0023F4E0 /* ProfileViewController.swift in Sources */,
				A985D4E12A30CD5400384AA8 /* URLSession.swift in Sources */,
				A9D403822A23A4F500ADE598 /* WebViewViewController.swift in Sources */,
				A95D86682A33CF8500FC3DFF /* SplashViewController.swift in Sources */,
				A98701C92A5364EC0084E1DD /* TabBarController.swift in Sources */,
				A9393DAA2A0ADF46002464CB /* AppDelegate.swift in Sources */,
				A985D4E22A31056E00384AA8 /* OAuth2Service.swift in Sources */,
				A948E8DC2A3F9E1600661EEE /* UIBlockingProgressHUD.swift in Sources */,
				A9CEBF462A48633000334CF9 /* URLRequestBuilder.swift in Sources */,
				A9CEBF442A48571E00334CF9 /* ProfileStructures.swift in Sources */,
				A9D4037F2A23A34D00ADE598 /* AuthViewController.swift in Sources */,
				A9B1F0DC2A4F888E00FD20EF /* AlertPresenter.swift in Sources */,
				A9654A382A102DE800787C05 /* SingleImageViewController.swift in Sources */,
				A9F13B4C2A59BADF00139DE4 /* ImagesListStructures.swift in Sources */,
				A9B1F0D92A4F87C400FD20EF /* NetworkError.swift in Sources */,
				A900CD5E2A190C2F000DEC7E /* UIColors.swift in Sources */,
				A9393DAC2A0ADF46002464CB /* SceneDelegate.swift in Sources */,
				A97070D82A4A3B0300AE9731 /* ProfileImageService.swift in Sources */,
				A985D4E42A310B5B00384AA8 /* OAuth2TokenStorage.swift in Sources */,
				A9D403802A23A39100ADE598 /* Constants.swift in Sources */,
			);
			runOnlyForDeploymentPostprocessing = 0;
		};
		A9F13B4F2A5AEA2800139DE4 /* Sources */ = {
			isa = PBXSourcesBuildPhase;
			buildActionMask = 2147483647;
			files = (
				A9F13B562A5AEA2800139DE4 /* ImagesListServiceTests.swift in Sources */,
			);
			runOnlyForDeploymentPostprocessing = 0;
		};
/* End PBXSourcesBuildPhase section */

/* Begin PBXTargetDependency section */
		A9F13B582A5AEA2800139DE4 /* PBXTargetDependency */ = {
			isa = PBXTargetDependency;
			target = A9393DA52A0ADF46002464CB /* ImageFeed */;
			targetProxy = A9F13B572A5AEA2800139DE4 /* PBXContainerItemProxy */;
		};
/* End PBXTargetDependency section */

/* Begin PBXVariantGroup section */
		A9393DAF2A0ADF46002464CB /* Main.storyboard */ = {
			isa = PBXVariantGroup;
			children = (
				A9393DB02A0ADF46002464CB /* Base */,
			);
			name = Main.storyboard;
			sourceTree = "<group>";
		};
		A9393DB42A0ADF4A002464CB /* LaunchScreen.storyboard */ = {
			isa = PBXVariantGroup;
			children = (
				A9393DB52A0ADF4A002464CB /* Base */,
			);
			name = LaunchScreen.storyboard;
			sourceTree = "<group>";
		};
/* End PBXVariantGroup section */

/* Begin XCBuildConfiguration section */
		A9393DB82A0ADF4A002464CB /* Debug */ = {
			isa = XCBuildConfiguration;
			buildSettings = {
				ALWAYS_SEARCH_USER_PATHS = NO;
				CLANG_ANALYZER_NONNULL = YES;
				CLANG_ANALYZER_NUMBER_OBJECT_CONVERSION = YES_AGGRESSIVE;
				CLANG_CXX_LANGUAGE_STANDARD = "gnu++20";
				CLANG_ENABLE_MODULES = YES;
				CLANG_ENABLE_OBJC_ARC = YES;
				CLANG_ENABLE_OBJC_WEAK = YES;
				CLANG_WARN_BLOCK_CAPTURE_AUTORELEASING = YES;
				CLANG_WARN_BOOL_CONVERSION = YES;
				CLANG_WARN_COMMA = YES;
				CLANG_WARN_CONSTANT_CONVERSION = YES;
				CLANG_WARN_DEPRECATED_OBJC_IMPLEMENTATIONS = YES;
				CLANG_WARN_DIRECT_OBJC_ISA_USAGE = YES_ERROR;
				CLANG_WARN_DOCUMENTATION_COMMENTS = YES;
				CLANG_WARN_EMPTY_BODY = YES;
				CLANG_WARN_ENUM_CONVERSION = YES;
				CLANG_WARN_INFINITE_RECURSION = YES;
				CLANG_WARN_INT_CONVERSION = YES;
				CLANG_WARN_NON_LITERAL_NULL_CONVERSION = YES;
				CLANG_WARN_OBJC_IMPLICIT_RETAIN_SELF = YES;
				CLANG_WARN_OBJC_LITERAL_CONVERSION = YES;
				CLANG_WARN_OBJC_ROOT_CLASS = YES_ERROR;
				CLANG_WARN_QUOTED_INCLUDE_IN_FRAMEWORK_HEADER = YES;
				CLANG_WARN_RANGE_LOOP_ANALYSIS = YES;
				CLANG_WARN_STRICT_PROTOTYPES = YES;
				CLANG_WARN_SUSPICIOUS_MOVE = YES;
				CLANG_WARN_UNGUARDED_AVAILABILITY = YES_AGGRESSIVE;
				CLANG_WARN_UNREACHABLE_CODE = YES;
				CLANG_WARN__DUPLICATE_METHOD_MATCH = YES;
				COPY_PHASE_STRIP = NO;
				DEBUG_INFORMATION_FORMAT = dwarf;
				ENABLE_STRICT_OBJC_MSGSEND = YES;
				ENABLE_TESTABILITY = YES;
				GCC_C_LANGUAGE_STANDARD = gnu11;
				GCC_DYNAMIC_NO_PIC = NO;
				GCC_NO_COMMON_BLOCKS = YES;
				GCC_OPTIMIZATION_LEVEL = 0;
				GCC_PREPROCESSOR_DEFINITIONS = (
					"DEBUG=1",
					"$(inherited)",
				);
				GCC_WARN_64_TO_32_BIT_CONVERSION = YES;
				GCC_WARN_ABOUT_RETURN_TYPE = YES_ERROR;
				GCC_WARN_UNDECLARED_SELECTOR = YES;
				GCC_WARN_UNINITIALIZED_AUTOS = YES_AGGRESSIVE;
				GCC_WARN_UNUSED_FUNCTION = YES;
				GCC_WARN_UNUSED_VARIABLE = YES;
				IPHONEOS_DEPLOYMENT_TARGET = 13.0;
				MTL_ENABLE_DEBUG_INFO = INCLUDE_SOURCE;
				MTL_FAST_MATH = YES;
				ONLY_ACTIVE_ARCH = YES;
				SDKROOT = iphoneos;
				SWIFT_ACTIVE_COMPILATION_CONDITIONS = DEBUG;
				SWIFT_OPTIMIZATION_LEVEL = "-Onone";
			};
			name = Debug;
		};
		A9393DB92A0ADF4A002464CB /* Release */ = {
			isa = XCBuildConfiguration;
			buildSettings = {
				ALWAYS_SEARCH_USER_PATHS = NO;
				CLANG_ANALYZER_NONNULL = YES;
				CLANG_ANALYZER_NUMBER_OBJECT_CONVERSION = YES_AGGRESSIVE;
				CLANG_CXX_LANGUAGE_STANDARD = "gnu++20";
				CLANG_ENABLE_MODULES = YES;
				CLANG_ENABLE_OBJC_ARC = YES;
				CLANG_ENABLE_OBJC_WEAK = YES;
				CLANG_WARN_BLOCK_CAPTURE_AUTORELEASING = YES;
				CLANG_WARN_BOOL_CONVERSION = YES;
				CLANG_WARN_COMMA = YES;
				CLANG_WARN_CONSTANT_CONVERSION = YES;
				CLANG_WARN_DEPRECATED_OBJC_IMPLEMENTATIONS = YES;
				CLANG_WARN_DIRECT_OBJC_ISA_USAGE = YES_ERROR;
				CLANG_WARN_DOCUMENTATION_COMMENTS = YES;
				CLANG_WARN_EMPTY_BODY = YES;
				CLANG_WARN_ENUM_CONVERSION = YES;
				CLANG_WARN_INFINITE_RECURSION = YES;
				CLANG_WARN_INT_CONVERSION = YES;
				CLANG_WARN_NON_LITERAL_NULL_CONVERSION = YES;
				CLANG_WARN_OBJC_IMPLICIT_RETAIN_SELF = YES;
				CLANG_WARN_OBJC_LITERAL_CONVERSION = YES;
				CLANG_WARN_OBJC_ROOT_CLASS = YES_ERROR;
				CLANG_WARN_QUOTED_INCLUDE_IN_FRAMEWORK_HEADER = YES;
				CLANG_WARN_RANGE_LOOP_ANALYSIS = YES;
				CLANG_WARN_STRICT_PROTOTYPES = YES;
				CLANG_WARN_SUSPICIOUS_MOVE = YES;
				CLANG_WARN_UNGUARDED_AVAILABILITY = YES_AGGRESSIVE;
				CLANG_WARN_UNREACHABLE_CODE = YES;
				CLANG_WARN__DUPLICATE_METHOD_MATCH = YES;
				COPY_PHASE_STRIP = NO;
				DEBUG_INFORMATION_FORMAT = "dwarf-with-dsym";
				ENABLE_NS_ASSERTIONS = NO;
				ENABLE_STRICT_OBJC_MSGSEND = YES;
				GCC_C_LANGUAGE_STANDARD = gnu11;
				GCC_NO_COMMON_BLOCKS = YES;
				GCC_WARN_64_TO_32_BIT_CONVERSION = YES;
				GCC_WARN_ABOUT_RETURN_TYPE = YES_ERROR;
				GCC_WARN_UNDECLARED_SELECTOR = YES;
				GCC_WARN_UNINITIALIZED_AUTOS = YES_AGGRESSIVE;
				GCC_WARN_UNUSED_FUNCTION = YES;
				GCC_WARN_UNUSED_VARIABLE = YES;
				IPHONEOS_DEPLOYMENT_TARGET = 13.0;
				MTL_ENABLE_DEBUG_INFO = NO;
				MTL_FAST_MATH = YES;
				SDKROOT = iphoneos;
				SWIFT_COMPILATION_MODE = wholemodule;
				SWIFT_OPTIMIZATION_LEVEL = "-O";
				VALIDATE_PRODUCT = YES;
			};
			name = Release;
		};
		A9393DBB2A0ADF4A002464CB /* Debug */ = {
			isa = XCBuildConfiguration;
			buildSettings = {
				ASSETCATALOG_COMPILER_APPICON_NAME = AppIcon;
				ASSETCATALOG_COMPILER_GLOBAL_ACCENT_COLOR_NAME = AccentColor;
				CODE_SIGN_STYLE = Automatic;
				CURRENT_PROJECT_VERSION = 1;
				DEVELOPMENT_TEAM = KG67H42ASC;
				GENERATE_INFOPLIST_FILE = YES;
				INFOPLIST_FILE = ImageFeed/Info.plist;
				INFOPLIST_KEY_UIApplicationSupportsIndirectInputEvents = YES;
				INFOPLIST_KEY_UILaunchStoryboardName = LaunchScreen;
				INFOPLIST_KEY_UIMainStoryboardFile = Main;
				INFOPLIST_KEY_UIStatusBarStyle = UIStatusBarStyleLightContent;
				INFOPLIST_KEY_UISupportedInterfaceOrientations = UIInterfaceOrientationPortrait;
				IPHONEOS_DEPLOYMENT_TARGET = 13.0;
				LD_RUNPATH_SEARCH_PATHS = (
					"$(inherited)",
					"@executable_path/Frameworks",
				);
				MARKETING_VERSION = 1.0;
				PRODUCT_BUNDLE_IDENTIFIER = com.InaOnGit.ImageFeed;
				PRODUCT_NAME = "$(TARGET_NAME)";
				SUPPORTED_PLATFORMS = "iphoneos iphonesimulator";
				SUPPORTS_MACCATALYST = NO;
				SUPPORTS_MAC_DESIGNED_FOR_IPHONE_IPAD = NO;
				SWIFT_EMIT_LOC_STRINGS = YES;
				SWIFT_VERSION = 5.0;
				TARGETED_DEVICE_FAMILY = 1;
			};
			name = Debug;
		};
		A9393DBC2A0ADF4A002464CB /* Release */ = {
			isa = XCBuildConfiguration;
			buildSettings = {
				ASSETCATALOG_COMPILER_APPICON_NAME = AppIcon;
				ASSETCATALOG_COMPILER_GLOBAL_ACCENT_COLOR_NAME = AccentColor;
				CODE_SIGN_STYLE = Automatic;
				CURRENT_PROJECT_VERSION = 1;
				DEVELOPMENT_TEAM = KG67H42ASC;
				GENERATE_INFOPLIST_FILE = YES;
				INFOPLIST_FILE = ImageFeed/Info.plist;
				INFOPLIST_KEY_UIApplicationSupportsIndirectInputEvents = YES;
				INFOPLIST_KEY_UILaunchStoryboardName = LaunchScreen;
				INFOPLIST_KEY_UIMainStoryboardFile = Main;
				INFOPLIST_KEY_UIStatusBarStyle = UIStatusBarStyleLightContent;
				INFOPLIST_KEY_UISupportedInterfaceOrientations = UIInterfaceOrientationPortrait;
				IPHONEOS_DEPLOYMENT_TARGET = 13.0;
				LD_RUNPATH_SEARCH_PATHS = (
					"$(inherited)",
					"@executable_path/Frameworks",
				);
				MARKETING_VERSION = 1.0;
				PRODUCT_BUNDLE_IDENTIFIER = com.InaOnGit.ImageFeed;
				PRODUCT_NAME = "$(TARGET_NAME)";
				SUPPORTED_PLATFORMS = "iphoneos iphonesimulator";
				SUPPORTS_MACCATALYST = NO;
				SUPPORTS_MAC_DESIGNED_FOR_IPHONE_IPAD = NO;
				SWIFT_EMIT_LOC_STRINGS = YES;
				SWIFT_VERSION = 5.0;
				TARGETED_DEVICE_FAMILY = 1;
			};
			name = Release;
		};
		A9F13B5A2A5AEA2800139DE4 /* Debug */ = {
			isa = XCBuildConfiguration;
			buildSettings = {
				BUNDLE_LOADER = "$(TEST_HOST)";
				CODE_SIGN_STYLE = Automatic;
				CURRENT_PROJECT_VERSION = 1;
				DEVELOPMENT_TEAM = KG67H42ASC;
				GENERATE_INFOPLIST_FILE = YES;
				IPHONEOS_DEPLOYMENT_TARGET = 16.2;
				MARKETING_VERSION = 1.0;
				PRODUCT_BUNDLE_IDENTIFIER = com.InaOnGit.ImageFeedTests;
				PRODUCT_NAME = "$(TARGET_NAME)";
				SWIFT_EMIT_LOC_STRINGS = NO;
				SWIFT_VERSION = 5.0;
				TARGETED_DEVICE_FAMILY = "1,2";
				TEST_HOST = "$(BUILT_PRODUCTS_DIR)/ImageFeed.app/$(BUNDLE_EXECUTABLE_FOLDER_PATH)/ImageFeed";
			};
			name = Debug;
		};
		A9F13B5B2A5AEA2800139DE4 /* Release */ = {
			isa = XCBuildConfiguration;
			buildSettings = {
				BUNDLE_LOADER = "$(TEST_HOST)";
				CODE_SIGN_STYLE = Automatic;
				CURRENT_PROJECT_VERSION = 1;
				DEVELOPMENT_TEAM = KG67H42ASC;
				GENERATE_INFOPLIST_FILE = YES;
				IPHONEOS_DEPLOYMENT_TARGET = 16.2;
				MARKETING_VERSION = 1.0;
				PRODUCT_BUNDLE_IDENTIFIER = com.InaOnGit.ImageFeedTests;
				PRODUCT_NAME = "$(TARGET_NAME)";
				SWIFT_EMIT_LOC_STRINGS = NO;
				SWIFT_VERSION = 5.0;
				TARGETED_DEVICE_FAMILY = "1,2";
				TEST_HOST = "$(BUILT_PRODUCTS_DIR)/ImageFeed.app/$(BUNDLE_EXECUTABLE_FOLDER_PATH)/ImageFeed";
			};
			name = Release;
		};
/* End XCBuildConfiguration section */

/* Begin XCConfigurationList section */
		A9393DA12A0ADF46002464CB /* Build configuration list for PBXProject "ImageFeed" */ = {
			isa = XCConfigurationList;
			buildConfigurations = (
				A9393DB82A0ADF4A002464CB /* Debug */,
				A9393DB92A0ADF4A002464CB /* Release */,
			);
			defaultConfigurationIsVisible = 0;
			defaultConfigurationName = Release;
		};
		A9393DBA2A0ADF4A002464CB /* Build configuration list for PBXNativeTarget "ImageFeed" */ = {
			isa = XCConfigurationList;
			buildConfigurations = (
				A9393DBB2A0ADF4A002464CB /* Debug */,
				A9393DBC2A0ADF4A002464CB /* Release */,
			);
			defaultConfigurationIsVisible = 0;
			defaultConfigurationName = Release;
		};
		A9F13B592A5AEA2800139DE4 /* Build configuration list for PBXNativeTarget "ImageFeedTests" */ = {
			isa = XCConfigurationList;
			buildConfigurations = (
				A9F13B5A2A5AEA2800139DE4 /* Debug */,
				A9F13B5B2A5AEA2800139DE4 /* Release */,
			);
			defaultConfigurationIsVisible = 0;
			defaultConfigurationName = Release;
		};
/* End XCConfigurationList section */

/* Begin XCRemoteSwiftPackageReference section */
		A93880642A51CA80000314FB /* XCRemoteSwiftPackageReference "Kingfisher" */ = {
			isa = XCRemoteSwiftPackageReference;
			repositoryURL = "https://github.com/onevcat/Kingfisher";
			requirement = {
				kind = upToNextMajorVersion;
				minimumVersion = 7.0.0;
			};
		};
		A93880672A51D4B4000314FB /* XCRemoteSwiftPackageReference "SwiftKeychainWrapper" */ = {
			isa = XCRemoteSwiftPackageReference;
			repositoryURL = "https://github.com/jrendel/SwiftKeychainWrapper";
			requirement = {
				kind = upToNextMajorVersion;
				minimumVersion = 4.0.0;
			};
		};
		A9D831672A3BAFE9007F3B39 /* XCRemoteSwiftPackageReference "ProgressHUD" */ = {
			isa = XCRemoteSwiftPackageReference;
			repositoryURL = "https://github.com/relatedcode/ProgressHUD";
			requirement = {
				kind = upToNextMajorVersion;
				minimumVersion = 13.6.1;
			};
		};
/* End XCRemoteSwiftPackageReference section */

/* Begin XCSwiftPackageProductDependency section */
		A93880652A51CA80000314FB /* Kingfisher */ = {
			isa = XCSwiftPackageProductDependency;
			package = A93880642A51CA80000314FB /* XCRemoteSwiftPackageReference "Kingfisher" */;
			productName = Kingfisher;
		};
		A93880682A51D4B4000314FB /* SwiftKeychainWrapper */ = {
			isa = XCSwiftPackageProductDependency;
			package = A93880672A51D4B4000314FB /* XCRemoteSwiftPackageReference "SwiftKeychainWrapper" */;
			productName = SwiftKeychainWrapper;
		};
		A9D831682A3BAFE9007F3B39 /* ProgressHUD */ = {
			isa = XCSwiftPackageProductDependency;
			package = A9D831672A3BAFE9007F3B39 /* XCRemoteSwiftPackageReference "ProgressHUD" */;
			productName = ProgressHUD;
		};
/* End XCSwiftPackageProductDependency section */
	};
	rootObject = A9393D9E2A0ADF46002464CB /* Project object */;
}
